
Microsoft Visual Studio Solution File, Format Version 12.00
# Visual Studio Version 16
VisualStudioVersion = 16.0.32228.343
MinimumVisualStudioVersion = 10.0.40219.1
Project("{D2ABAB84-BF74-430A-B69E-9DC6D40DDA17}") = "DWBI_2_IT20125998", "DWBI_2_IT20125998.dwproj", "{83B6C93C-2093-4418-BE65-573366764411}"
EndProject
Global
	GlobalSection(SolutionConfigurationPlatforms) = preSolution
		Development|Default = Development|Default
	EndGlobalSection
	GlobalSection(ProjectConfigurationPlatforms) = postSolution
		{83B6C93C-2093-4418-BE65-573366764411}.Development|Default.ActiveCfg = Development
		{83B6C93C-2093-4418-BE65-573366764411}.Development|Default.Build.0 = Development
		{83B6C93C-2093-4418-BE65-573366764411}.Development|Default.Deploy.0 = Development
	EndGlobalSection
	GlobalSection(SolutionProperties) = preSolution
		HideSolutionNode = FALSE
	EndGlobalSection
	GlobalSection(ExtensibilityGlobals) = postSolution
		SolutionGuid = {DFDA1F59-3297-443B-B1E1-5E79D5AAD02A}
	EndGlobalSection
EndGlobal
